
Microsoft Visual Studio Solution File, Format Version 12.00
# Visual Studio Version 17
VisualStudioVersion = 17.2.32526.322
MinimumVisualStudioVersion = 10.0.40219.1
Project("{FAE04EC0-301F-11D3-BF4B-00C04F79EFBC}") = "Рибки", "Рибки.csproj", "{90674AE0-97A5-4528-9172-5656D477FD15}"
EndProject
Global
	GlobalSection(SolutionConfigurationPlatforms) = preSolution
		Debug|Any CPU = Debug|Any CPU
		Release|Any CPU = Release|Any CPU
	EndGlobalSection
	GlobalSection(ProjectConfigurationPlatforms) = postSolution
		{90674AE0-97A5-4528-9172-5656D477FD15}.Debug|Any CPU.ActiveCfg = Debug|Any CPU
		{90674AE0-97A5-4528-9172-5656D477FD15}.Debug|Any CPU.Build.0 = Debug|Any CPU
		{90674AE0-97A5-4528-9172-5656D477FD15}.Release|Any CPU.ActiveCfg = Release|Any CPU
		{90674AE0-97A5-4528-9172-5656D477FD15}.Release|Any CPU.Build.0 = Release|Any CPU
	EndGlobalSection
	GlobalSection(SolutionProperties) = preSolution
		HideSolutionNode = FALSE
	EndGlobalSection
	GlobalSection(ExtensibilityGlobals) = postSolution
		SolutionGuid = {921D5901-4777-40F1-AA42-AA08C763039D}
	EndGlobalSection
EndGlobal
